
Microsoft Visual Studio Solution File, Format Version 12.00
# Visual Studio Version 16
VisualStudioVersion = 16.0.30028.174
MinimumVisualStudioVersion = 10.0.40219.1
Project("{9A19103F-16F7-4668-BE54-9A1E7A4F7556}") = "DockerCore", "DockerCore\DockerCore.csproj", "{B05827F9-1CF1-45F7-A84B-86B328B443B5}"
EndProject
Project("{9A19103F-16F7-4668-BE54-9A1E7A4F7556}") = "DockerCore.Gateway", "DockerCore.Gateway\DockerCore.Gateway.csproj", "{69F5EE2A-773F-4577-940D-740A7D8C9E01}"
EndProject
Project("{FAE04EC0-301F-11D3-BF4B-00C04F79EFBC}") = "DockerCore.Client", "DockerCore.Client\DockerCore.Client.csproj", "{6B70EF93-D4BC-4E59-B42E-1D74B8228246}"
EndProject
Global
	GlobalSection(SolutionConfigurationPlatforms) = preSolution
		Debug|Any CPU = Debug|Any CPU
		Release|Any CPU = Release|Any CPU
	EndGlobalSection
	GlobalSection(ProjectConfigurationPlatforms) = postSolution
		{B05827F9-1CF1-45F7-A84B-86B328B443B5}.Debug|Any CPU.ActiveCfg = Debug|Any CPU
		{B05827F9-1CF1-45F7-A84B-86B328B443B5}.Debug|Any CPU.Build.0 = Debug|Any CPU
		{B05827F9-1CF1-45F7-A84B-86B328B443B5}.Release|Any CPU.ActiveCfg = Release|Any CPU
		{B05827F9-1CF1-45F7-A84B-86B328B443B5}.Release|Any CPU.Build.0 = Release|Any CPU
		{69F5EE2A-773F-4577-940D-740A7D8C9E01}.Debug|Any CPU.ActiveCfg = Debug|Any CPU
		{69F5EE2A-773F-4577-940D-740A7D8C9E01}.Debug|Any CPU.Build.0 = Debug|Any CPU
		{69F5EE2A-773F-4577-940D-740A7D8C9E01}.Release|Any CPU.ActiveCfg = Release|Any CPU
		{69F5EE2A-773F-4577-940D-740A7D8C9E01}.Release|Any CPU.Build.0 = Release|Any CPU
		{6B70EF93-D4BC-4E59-B42E-1D74B8228246}.Debug|Any CPU.ActiveCfg = Debug|Any CPU
		{6B70EF93-D4BC-4E59-B42E-1D74B8228246}.Debug|Any CPU.Build.0 = Debug|Any CPU
		{6B70EF93-D4BC-4E59-B42E-1D74B8228246}.Release|Any CPU.ActiveCfg = Release|Any CPU
		{6B70EF93-D4BC-4E59-B42E-1D74B8228246}.Release|Any CPU.Build.0 = Release|Any CPU
	EndGlobalSection
	GlobalSection(SolutionProperties) = preSolution
		HideSolutionNode = FALSE
	EndGlobalSection
	GlobalSection(ExtensibilityGlobals) = postSolution
		SolutionGuid = {2BFCD224-1046-4FA1-9336-4DAE0A1685FE}
	EndGlobalSection
EndGlobal
